
Microsoft Visual Studio Solution File, Format Version 12.00
# Visual Studio Version 16
VisualStudioVersion = 16.0.29709.97
MinimumVisualStudioVersion = 10.0.40219.1
Project("{FAE04EC0-301F-11D3-BF4B-00C04F79EFBC}") = "Flixnet", "Flixnet\Flixnet.csproj", "{A2AFADB5-5FC0-4BBA-BA0E-4CFCDA13FB33}"
EndProject
Global
	GlobalSection(SolutionConfigurationPlatforms) = preSolution
		Debug|Any CPU = Debug|Any CPU
		Release|Any CPU = Release|Any CPU
	EndGlobalSection
	GlobalSection(ProjectConfigurationPlatforms) = postSolution
		{A2AFADB5-5FC0-4BBA-BA0E-4CFCDA13FB33}.Debug|Any CPU.ActiveCfg = Debug|Any CPU
		{A2AFADB5-5FC0-4BBA-BA0E-4CFCDA13FB33}.Debug|Any CPU.Build.0 = Debug|Any CPU
		{A2AFADB5-5FC0-4BBA-BA0E-4CFCDA13FB33}.Release|Any CPU.ActiveCfg = Release|Any CPU
		{A2AFADB5-5FC0-4BBA-BA0E-4CFCDA13FB33}.Release|Any CPU.Build.0 = Release|Any CPU
	EndGlobalSection
	GlobalSection(SolutionProperties) = preSolution
		HideSolutionNode = FALSE
	EndGlobalSection
	GlobalSection(ExtensibilityGlobals) = postSolution
		SolutionGuid = {5A2E5AD0-E3F6-43CA-80CB-158AF7139EC8}
	EndGlobalSection
EndGlobal
